
Microsoft Visual Studio Solution File, Format Version 12.00
# Visual Studio Version 17
VisualStudioVersion = 17.4.34221.32
MinimumVisualStudioVersion = 10.0.40219.1
Project("{9A19103F-16F7-4668-BE54-9A1E7A4F7556}") = "CSharpExt", "CSharpExt\CSharpExt.csproj", "{A092A8B9-2DCF-451F-B70A-EF1123A7939F}"
EndProject
Project("{2150E333-8FDC-42A3-9474-1A3956D46DE8}") = "github workflows", "github workflows", "{9E508D53-8230-4A17-83AD-F2A8ABAEA947}"
	ProjectSection(SolutionItems) = preProject
		.github\workflows\UpdateNugetPackages.yaml = .github\workflows\UpdateNugetPackages.yaml
		.github\workflows\UpdateVersion.yaml = .github\workflows\UpdateVersion.yaml
	EndProjectSection
EndProject
Project("{2150E333-8FDC-42A3-9474-1A3956D46DE8}") = "scripts", "scripts", "{DA6E5DE2-5B2E-48BA-BF36-D17D0B661B32}"
	ProjectSection(SolutionItems) = preProject
		.github\workflows\scripts\SetProperty.ps1 = .github\workflows\scripts\SetProperty.ps1
	EndProjectSection
EndProject
Project("{2150E333-8FDC-42A3-9474-1A3956D46DE8}") = "Solution Items", "Solution Items", "{D026BB07-F3D5-46A6-97DA-86D6766E19ED}"
	ProjectSection(SolutionItems) = preProject
		Directory.Build.props = Directory.Build.props
	EndProjectSection
EndProject
Global
	GlobalSection(SolutionConfigurationPlatforms) = preSolution
		Debug|Any CPU = Debug|Any CPU
		Release|Any CPU = Release|Any CPU
	EndGlobalSection
	GlobalSection(ProjectConfigurationPlatforms) = postSolution
		{A092A8B9-2DCF-451F-B70A-EF1123A7939F}.Debug|Any CPU.ActiveCfg = Debug|Any CPU
		{A092A8B9-2DCF-451F-B70A-EF1123A7939F}.Debug|Any CPU.Build.0 = Debug|Any CPU
		{A092A8B9-2DCF-451F-B70A-EF1123A7939F}.Release|Any CPU.ActiveCfg = Release|Any CPU
		{A092A8B9-2DCF-451F-B70A-EF1123A7939F}.Release|Any CPU.Build.0 = Release|Any CPU
	EndGlobalSection
	GlobalSection(SolutionProperties) = preSolution
		HideSolutionNode = FALSE
	EndGlobalSection
	GlobalSection(NestedProjects) = preSolution
		{DA6E5DE2-5B2E-48BA-BF36-D17D0B661B32} = {9E508D53-8230-4A17-83AD-F2A8ABAEA947}
	EndGlobalSection
	GlobalSection(ExtensibilityGlobals) = postSolution
		SolutionGuid = {8D3D848C-E5D0-41CF-9DB7-2B5C5EB55E87}
	EndGlobalSection
EndGlobal
